
Microsoft Visual Studio Solution File, Format Version 12.00
# Visual Studio 15
VisualStudioVersion = 15.0.27130.2027
MinimumVisualStudioVersion = 10.0.40219.1
Project("{FAE04EC0-301F-11D3-BF4B-00C04F79EFBC}") = "OpcSocket", "servicebase\OpcSocket.csproj", "{CBD626FC-1CF7-4E15-A3B8-9F4B0DB8DA5C}"
EndProject
Project("{FAE04EC0-301F-11D3-BF4B-00C04F79EFBC}") = "opclibrary", "opclibrary\opclibrary.csproj", "{A12B96BE-263C-42A5-8ECB-13662E8A093E}"
EndProject
Project("{FAE04EC0-301F-11D3-BF4B-00C04F79EFBC}") = "gaugetoolsbridge", "gaugetoolsbridge\gaugetoolsbridge.csproj", "{2278EA8F-AC2A-4543-A285-D58A582D7CE9}"
EndProject
Global
	GlobalSection(SolutionConfigurationPlatforms) = preSolution
		Debug|Any CPU = Debug|Any CPU
		Release|Any CPU = Release|Any CPU
	EndGlobalSection
	GlobalSection(ProjectConfigurationPlatforms) = postSolution
		{CBD626FC-1CF7-4E15-A3B8-9F4B0DB8DA5C}.Debug|Any CPU.ActiveCfg = Debug|Any CPU
		{CBD626FC-1CF7-4E15-A3B8-9F4B0DB8DA5C}.Debug|Any CPU.Build.0 = Debug|Any CPU
		{CBD626FC-1CF7-4E15-A3B8-9F4B0DB8DA5C}.Release|Any CPU.ActiveCfg = Release|Any CPU
		{CBD626FC-1CF7-4E15-A3B8-9F4B0DB8DA5C}.Release|Any CPU.Build.0 = Release|Any CPU
		{A12B96BE-263C-42A5-8ECB-13662E8A093E}.Debug|Any CPU.ActiveCfg = Debug|Any CPU
		{A12B96BE-263C-42A5-8ECB-13662E8A093E}.Debug|Any CPU.Build.0 = Debug|Any CPU
		{A12B96BE-263C-42A5-8ECB-13662E8A093E}.Release|Any CPU.ActiveCfg = Release|Any CPU
		{A12B96BE-263C-42A5-8ECB-13662E8A093E}.Release|Any CPU.Build.0 = Release|Any CPU
		{2278EA8F-AC2A-4543-A285-D58A582D7CE9}.Debug|Any CPU.ActiveCfg = Debug|Any CPU
		{2278EA8F-AC2A-4543-A285-D58A582D7CE9}.Debug|Any CPU.Build.0 = Debug|Any CPU
		{2278EA8F-AC2A-4543-A285-D58A582D7CE9}.Release|Any CPU.ActiveCfg = Release|Any CPU
		{2278EA8F-AC2A-4543-A285-D58A582D7CE9}.Release|Any CPU.Build.0 = Release|Any CPU
	EndGlobalSection
	GlobalSection(SolutionProperties) = preSolution
		HideSolutionNode = FALSE
	EndGlobalSection
	GlobalSection(ExtensibilityGlobals) = postSolution
		SolutionGuid = {D1B8DF8A-0102-4BA9-8ED9-901BB5E58E2F}
	EndGlobalSection
EndGlobal
